
Microsoft Visual Studio Solution File, Format Version 12.00
# Visual Studio 2013
VisualStudioVersion = 12.0.31101.0
MinimumVisualStudioVersion = 10.0.40219.1
Project("{E24C65DC-7377-472B-9ABA-BC803B73C61A}") = "[SSTU]fuffy", "http://localhost:1938", "{E1F84244-2932-4B2F-B68C-B038A9844494}"
	ProjectSection(WebsiteProperties) = preProject
		UseIISExpress = "true"
		TargetFrameworkMoniker = ".NETFramework,Version%3Dv4.5"
		Debug.AspNetCompiler.VirtualPath = "/localhost_1938"
		Debug.AspNetCompiler.PhysicalPath = "..\..\WebSites\[SSTU]fuffy\"
		Debug.AspNetCompiler.TargetPath = "PrecompiledWeb\localhost_1938\"
		Debug.AspNetCompiler.Updateable = "true"
		Debug.AspNetCompiler.ForceOverwrite = "true"
		Debug.AspNetCompiler.FixedNames = "false"
		Debug.AspNetCompiler.Debug = "True"
		Release.AspNetCompiler.VirtualPath = "/localhost_1938"
		Release.AspNetCompiler.PhysicalPath = "..\..\WebSites\[SSTU]fuffy\"
		Release.AspNetCompiler.TargetPath = "PrecompiledWeb\localhost_1938\"
		Release.AspNetCompiler.Updateable = "true"
		Release.AspNetCompiler.ForceOverwrite = "true"
		Release.AspNetCompiler.FixedNames = "false"
		Release.AspNetCompiler.Debug = "False"
		SlnRelativePath = "..\..\WebSites\[SSTU]fuffy\"
		DefaultWebSiteLanguage = "Visual C#"
	EndProjectSection
EndProject
Project("{FAE04EC0-301F-11D3-BF4B-00C04F79EFBC}") = "ClassLibrary1", "ClassLibrary1\ClassLibrary1.csproj", "{E0665ACC-AF02-4BEC-B7DF-F69A7202E7F6}"
EndProject
Global
	GlobalSection(SolutionConfigurationPlatforms) = preSolution
		Debug|Any CPU = Debug|Any CPU
		Release|Any CPU = Release|Any CPU
	EndGlobalSection
	GlobalSection(ProjectConfigurationPlatforms) = postSolution
		{E1F84244-2932-4B2F-B68C-B038A9844494}.Debug|Any CPU.ActiveCfg = Debug|Any CPU
		{E1F84244-2932-4B2F-B68C-B038A9844494}.Debug|Any CPU.Build.0 = Debug|Any CPU
		{E1F84244-2932-4B2F-B68C-B038A9844494}.Release|Any CPU.ActiveCfg = Debug|Any CPU
		{E1F84244-2932-4B2F-B68C-B038A9844494}.Release|Any CPU.Build.0 = Debug|Any CPU
		{E0665ACC-AF02-4BEC-B7DF-F69A7202E7F6}.Debug|Any CPU.ActiveCfg = Debug|Any CPU
		{E0665ACC-AF02-4BEC-B7DF-F69A7202E7F6}.Debug|Any CPU.Build.0 = Debug|Any CPU
		{E0665ACC-AF02-4BEC-B7DF-F69A7202E7F6}.Release|Any CPU.ActiveCfg = Release|Any CPU
		{E0665ACC-AF02-4BEC-B7DF-F69A7202E7F6}.Release|Any CPU.Build.0 = Release|Any CPU
	EndGlobalSection
	GlobalSection(SolutionProperties) = preSolution
		HideSolutionNode = FALSE
	EndGlobalSection
EndGlobal
